// !$*UTF8*$!
{
	archiveVersion = 1;
	classes = {
	};
	objectVersion = 56;
	objects = {

/* Begin PBXBuildFile section */
		B8E8F2A22997B61F00DEEF88 /* swiftui_list_with_custom_cell_and_passing_dataApp.swift in Sources */ = {isa = PBXBuildFile; fileRef = B8E8F2A12997B61F00DEEF88 /* swiftui_list_with_custom_cell_and_passing_dataApp.swift */; };
		B8E8F2A42997B61F00DEEF88 /* VideoListView.swift in Sources */ = {isa = PBXBuildFile; fileRef = B8E8F2A32997B61F00DEEF88 /* VideoListView.swift */; };
		B8E8F2A92997B61F00DEEF88 /* Preview Assets.xcassets in Resources */ = {isa = PBXBuildFile; fileRef = B8E8F2A82997B61F00DEEF88 /* Preview Assets.xcassets */; };
		B8E8F2B32997B61F00DEEF88 /* swiftui_list_with_custom_cell_and_passing_dataTests.swift in Sources */ = {isa = PBXBuildFile; fileRef = B8E8F2B22997B61F00DEEF88 /* swiftui_list_with_custom_cell_and_passing_dataTests.swift */; };
		B8E8F2BD2997B61F00DEEF88 /* swiftui_list_with_custom_cell_and_passing_dataUITests.swift in Sources */ = {isa = PBXBuildFile; fileRef = B8E8F2BC2997B61F00DEEF88 /* swiftui_list_with_custom_cell_and_passing_dataUITests.swift */; };
		B8E8F2BF2997B61F00DEEF88 /* swiftui_list_with_custom_cell_and_passing_dataUITestsLaunchTests.swift in Sources */ = {isa = PBXBuildFile; fileRef = B8E8F2BE2997B61F00DEEF88 /* swiftui_list_with_custom_cell_and_passing_dataUITestsLaunchTests.swift */; };
		B8E8F2D22997BCE000DEEF88 /* Assets.xcassets in Resources */ = {isa = PBXBuildFile; fileRef = B8E8F2D12997BCE000DEEF88 /* Assets.xcassets */; };
		B8E8F2D42997BE9300DEEF88 /* Video.swift in Sources */ = {isa = PBXBuildFile; fileRef = B8E8F2D32997BE9300DEEF88 /* Video.swift */; };
		B8E8F2D62997DE6600DEEF88 /* VideoDetailView.swift in Sources */ = {isa = PBXBuildFile; fileRef = B8E8F2D52997DE6600DEEF88 /* VideoDetailView.swift */; };
/* End PBXBuildFile section */

/* Begin PBXContainerItemProxy section */
		B8E8F2AF2997B61F00DEEF88 /* PBXContainerItemProxy */ = {
			isa = PBXContainerItemProxy;
			containerPortal = B8E8F2962997B61F00DEEF88 /* Project object */;
			proxyType = 1;
			remoteGlobalIDString = B8E8F29D2997B61F00DEEF88;
			remoteInfo = "swiftui-list-with-custom-cell-and-passing-data";
		};
		B8E8F2B92997B61F00DEEF88 /* PBXContainerItemProxy */ = {
			isa = PBXContainerItemProxy;
			containerPortal = B8E8F2962997B61F00DEEF88 /* Project object */;
			proxyType = 1;
			remoteGlobalIDString = B8E8F29D2997B61F00DEEF88;
			remoteInfo = "swiftui-list-with-custom-cell-and-passing-data";
		};
/* End PBXContainerItemProxy section */

/* Begin PBXFileReference section */
		B8E8F29E2997B61F00DEEF88 /* swiftui-list-with-custom-cell-and-passing-data.app */ = {isa = PBXFileReference; explicitFileType = wrapper.application; includeInIndex = 0; path = "swiftui-list-with-custom-cell-and-passing-data.app"; sourceTree = BUILT_PRODUCTS_DIR; };
		B8E8F2A12997B61F00DEEF88 /* swiftui_list_with_custom_cell_and_passing_dataApp.swift */ = {isa = PBXFileReference; lastKnownFileType = sourcecode.swift; path = swiftui_list_with_custom_cell_and_passing_dataApp.swift; sourceTree = "<group>"; };
		B8E8F2A32997B61F00DEEF88 /* VideoListView.swift */ = {isa = PBXFileReference; lastKnownFileType = sourcecode.swift; path = VideoListView.swift; sourceTree = "<group>"; };
		B8E8F2A82997B61F00DEEF88 /* Preview Assets.xcassets */ = {isa = PBXFileReference; lastKnownFileType = folder.assetcatalog; path = "Preview Assets.xcassets"; sourceTree = "<group>"; };
		B8E8F2AE2997B61F00DEEF88 /* swiftui-list-with-custom-cell-and-passing-dataTests.xctest */ = {isa = PBXFileReference; explicitFileType = wrapper.cfbundle; includeInIndex = 0; path = "swiftui-list-with-custom-cell-and-passing-dataTests.xctest"; sourceTree = BUILT_PRODUCTS_DIR; };
		B8E8F2B22997B61F00DEEF88 /* swiftui_list_with_custom_cell_and_passing_dataTests.swift */ = {isa = PBXFileReference; lastKnownFileType = sourcecode.swift; path = swiftui_list_with_custom_cell_and_passing_dataTests.swift; sourceTree = "<group>"; };
		B8E8F2B82997B61F00DEEF88 /* swiftui-list-with-custom-cell-and-passing-dataUITests.xctest */ = {isa = PBXFileReference; explicitFileType = wrapper.cfbundle; includeInIndex = 0; path = "swiftui-list-with-custom-cell-and-passing-dataUITests.xctest"; sourceTree = BUILT_PRODUCTS_DIR; };
		B8E8F2BC2997B61F00DEEF88 /* swiftui_list_with_custom_cell_and_passing_dataUITests.swift */ = {isa = PBXFileReference; lastKnownFileType = sourcecode.swift; path = swiftui_list_with_custom_cell_and_passing_dataUITests.swift; sourceTree = "<group>"; };
		B8E8F2BE2997B61F00DEEF88 /* swiftui_list_with_custom_cell_and_passing_dataUITestsLaunchTests.swift */ = {isa = PBXFileReference; lastKnownFileType = sourcecode.swift; path = swiftui_list_with_custom_cell_and_passing_dataUITestsLaunchTests.swift; sourceTree = "<group>"; };
		B8E8F2D12997BCE000DEEF88 /* Assets.xcassets */ = {isa = PBXFileReference; lastKnownFileType = folder.assetcatalog; path = Assets.xcassets; sourceTree = "<group>"; };
		B8E8F2D32997BE9300DEEF88 /* Video.swift */ = {isa = PBXFileReference; fileEncoding = 4; lastKnownFileType = sourcecode.swift; path = Video.swift; sourceTree = "<group>"; };
		B8E8F2D52997DE6600DEEF88 /* VideoDetailView.swift */ = {isa = PBXFileReference; lastKnownFileType = sourcecode.swift; path = VideoDetailView.swift; sourceTree = "<group>"; };
/* End PBXFileReference section */

/* Begin PBXFrameworksBuildPhase section */
		B8E8F29B2997B61F00DEEF88 /* Frameworks */ = {
			isa = PBXFrameworksBuildPhase;
			buildActionMask = 2147483647;
			files = (
			);
			runOnlyForDeploymentPostprocessing = 0;
		};
		B8E8F2AB2997B61F00DEEF88 /* Frameworks */ = {
			isa = PBXFrameworksBuildPhase;
			buildActionMask = 2147483647;
			files = (
			);
			runOnlyForDeploymentPostprocessing = 0;
		};
		B8E8F2B52997B61F00DEEF88 /* Frameworks */ = {
			isa = PBXFrameworksBuildPhase;
			buildActionMask = 2147483647;
			files = (
			);
			runOnlyForDeploymentPostprocessing = 0;
		};
/* End PBXFrameworksBuildPhase section */

/* Begin PBXGroup section */
		B8E8F2952997B61F00DEEF88 = {
			isa = PBXGroup;
			children = (
				B8E8F2A02997B61F00DEEF88 /* swiftui-list-with-custom-cell-and-passing-data */,
				B8E8F2B12997B61F00DEEF88 /* swiftui-list-with-custom-cell-and-passing-dataTests */,
				B8E8F2BB2997B61F00DEEF88 /* swiftui-list-with-custom-cell-and-passing-dataUITests */,
				B8E8F29F2997B61F00DEEF88 /* Products */,
			);
			sourceTree = "<group>";
		};
		B8E8F29F2997B61F00DEEF88 /* Products */ = {
			isa = PBXGroup;
			children = (
				B8E8F29E2997B61F00DEEF88 /* swiftui-list-with-custom-cell-and-passing-data.app */,
				B8E8F2AE2997B61F00DEEF88 /* swiftui-list-with-custom-cell-and-passing-dataTests.xctest */,
				B8E8F2B82997B61F00DEEF88 /* swiftui-list-with-custom-cell-and-passing-dataUITests.xctest */,
			);
			name = Products;
			sourceTree = "<group>";
		};
		B8E8F2A02997B61F00DEEF88 /* swiftui-list-with-custom-cell-and-passing-data */ = {
			isa = PBXGroup;
			children = (
				B8E8F2D12997BCE000DEEF88 /* Assets.xcassets */,
				B8E8F2A12997B61F00DEEF88 /* swiftui_list_with_custom_cell_and_passing_dataApp.swift */,
				B8E8F2A32997B61F00DEEF88 /* VideoListView.swift */,
				B8E8F2D52997DE6600DEEF88 /* VideoDetailView.swift */,
				B8E8F2D32997BE9300DEEF88 /* Video.swift */,
				B8E8F2A72997B61F00DEEF88 /* Preview Content */,
			);
			path = "swiftui-list-with-custom-cell-and-passing-data";
			sourceTree = "<group>";
		};
		B8E8F2A72997B61F00DEEF88 /* Preview Content */ = {
			isa = PBXGroup;
			children = (
				B8E8F2A82997B61F00DEEF88 /* Preview Assets.xcassets */,
			);
			path = "Preview Content";
			sourceTree = "<group>";
		};
		B8E8F2B12997B61F00DEEF88 /* swiftui-list-with-custom-cell-and-passing-dataTests */ = {
			isa = PBXGroup;
			children = (
				B8E8F2B22997B61F00DEEF88 /* swiftui_list_with_custom_cell_and_passing_dataTests.swift */,
			);
			path = "swiftui-list-with-custom-cell-and-passing-dataTests";
			sourceTree = "<group>";
		};
		B8E8F2BB2997B61F00DEEF88 /* swiftui-list-with-custom-cell-and-passing-dataUITests */ = {
			isa = PBXGroup;
			children = (
				B8E8F2BC2997B61F00DEEF88 /* swiftui_list_with_custom_cell_and_passing_dataUITests.swift */,
				B8E8F2BE2997B61F00DEEF88 /* swiftui_list_with_custom_cell_and_passing_dataUITestsLaunchTests.swift */,
			);
			path = "swiftui-list-with-custom-cell-and-passing-dataUITests";
			sourceTree = "<group>";
		};
/* End PBXGroup section */

/* Begin PBXNativeTarget section */
		B8E8F29D2997B61F00DEEF88 /* swiftui-list-with-custom-cell-and-passing-data */ = {
			isa = PBXNativeTarget;
			buildConfigurationList = B8E8F2C22997B61F00DEEF88 /* Build configuration list for PBXNativeTarget "swiftui-list-with-custom-cell-and-passing-data" */;
			buildPhases = (
				B8E8F29A2997B61F00DEEF88 /* Sources */,
				B8E8F29B2997B61F00DEEF88 /* Frameworks */,
				B8E8F29C2997B61F00DEEF88 /* Resources */,
			);
			buildRules = (
			);
			dependencies = (
			);
			name = "swiftui-list-with-custom-cell-and-passing-data";
			productName = "swiftui-list-with-custom-cell-and-passing-data";
			productReference = B8E8F29E2997B61F00DEEF88 /* swiftui-list-with-custom-cell-and-passing-data.app */;
			productType = "com.apple.product-type.application";
		};
		B8E8F2AD2997B61F00DEEF88 /* swiftui-list-with-custom-cell-and-passing-dataTests */ = {
			isa = PBXNativeTarget;
			buildConfigurationList = B8E8F2C52997B61F00DEEF88 /* Build configuration list for PBXNativeTarget "swiftui-list-with-custom-cell-and-passing-dataTests" */;
			buildPhases = (
				B8E8F2AA2997B61F00DEEF88 /* Sources */,
				B8E8F2AB2997B61F00DEEF88 /* Frameworks */,
				B8E8F2AC2997B61F00DEEF88 /* Resources */,
			);
			buildRules = (
			);
			dependencies = (
				B8E8F2B02997B61F00DEEF88 /* PBXTargetDependency */,
			);
			name = "swiftui-list-with-custom-cell-and-passing-dataTests";
			productName = "swiftui-list-with-custom-cell-and-passing-dataTests";
			productReference = B8E8F2AE2997B61F00DEEF88 /* swiftui-list-with-custom-cell-and-passing-dataTests.xctest */;
			productType = "com.apple.product-type.bundle.unit-test";
		};
		B8E8F2B72997B61F00DEEF88 /* swiftui-list-with-custom-cell-and-passing-dataUITests */ = {
			isa = PBXNativeTarget;
			buildConfigurationList = B8E8F2C82997B61F00DEEF88 /* Build configuration list for PBXNativeTarget "swiftui-list-with-custom-cell-and-passing-dataUITests" */;
			buildPhases = (
				B8E8F2B42997B61F00DEEF88 /* Sources */,
				B8E8F2B52997B61F00DEEF88 /* Frameworks */,
				B8E8F2B62997B61F00DEEF88 /* Resources */,
			);
			buildRules = (
			);
			dependencies = (
				B8E8F2BA2997B61F00DEEF88 /* PBXTargetDependency */,
			);
			name = "swiftui-list-with-custom-cell-and-passing-dataUITests";
			productName = "swiftui-list-with-custom-cell-and-passing-dataUITests";
			productReference = B8E8F2B82997B61F00DEEF88 /* swiftui-list-with-custom-cell-and-passing-dataUITests.xctest */;
			productType = "com.apple.product-type.bundle.ui-testing";
		};
/* End PBXNativeTarget section */

/* Begin PBXProject section */
		B8E8F2962997B61F00DEEF88 /* Project object */ = {
			isa = PBXProject;
			attributes = {
				BuildIndependentTargetsInParallel = 1;
				LastSwiftUpdateCheck = 1420;
				LastUpgradeCheck = 1420;
				TargetAttributes = {
					B8E8F29D2997B61F00DEEF88 = {
						CreatedOnToolsVersion = 14.2;
					};
					B8E8F2AD2997B61F00DEEF88 = {
						CreatedOnToolsVersion = 14.2;
						TestTargetID = B8E8F29D2997B61F00DEEF88;
					};
					B8E8F2B72997B61F00DEEF88 = {
						CreatedOnToolsVersion = 14.2;
						TestTargetID = B8E8F29D2997B61F00DEEF88;
					};
				};
			};
			buildConfigurationList = B8E8F2992997B61F00DEEF88 /* Build configuration list for PBXProject "swiftui-list-with-custom-cell-and-passing-data" */;
			compatibilityVersion = "Xcode 14.0";
			developmentRegion = en;
			hasScannedForEncodings = 0;
			knownRegions = (
				en,
				Base,
			);
			mainGroup = B8E8F2952997B61F00DEEF88;
			productRefGroup = B8E8F29F2997B61F00DEEF88 /* Products */;
			projectDirPath = "";
			projectRoot = "";
			targets = (
				B8E8F29D2997B61F00DEEF88 /* swiftui-list-with-custom-cell-and-passing-data */,
				B8E8F2AD2997B61F00DEEF88 /* swiftui-list-with-custom-cell-and-passing-dataTests */,
				B8E8F2B72997B61F00DEEF88 /* swiftui-list-with-custom-cell-and-passing-dataUITests */,
			);
		};
/* End PBXProject section */

/* Begin PBXResourcesBuildPhase section */
		B8E8F29C2997B61F00DEEF88 /* Resources */ = {
			isa = PBXResourcesBuildPhase;
			buildActionMask = 2147483647;
			files = (
				B8E8F2D22997BCE000DEEF88 /* Assets.xcassets in Resources */,
				B8E8F2A92997B61F00DEEF88 /* Preview Assets.xcassets in Resources */,
			);
			runOnlyForDeploymentPostprocessing = 0;
		};
		B8E8F2AC2997B61F00DEEF88 /* Resources */ = {
			isa = PBXResourcesBuildPhase;
			buildActionMask = 2147483647;
			files = (
			);
			runOnlyForDeploymentPostprocessing = 0;
		};
		B8E8F2B62997B61F00DEEF88 /* Resources */ = {
			isa = PBXResourcesBuildPhase;
			buildActionMask = 2147483647;
			files = (
			);
			runOnlyForDeploymentPostprocessing = 0;
		};
/* End PBXResourcesBuildPhase section */

/* Begin PBXSourcesBuildPhase section */
		B8E8F29A2997B61F00DEEF88 /* Sources */ = {
			isa = PBXSourcesBuildPhase;
			buildActionMask = 2147483647;
			files = (
				B8E8F2A42997B61F00DEEF88 /* VideoListView.swift in Sources */,
				B8E8F2D62997DE6600DEEF88 /* VideoDetailView.swift in Sources */,
				B8E8F2D42997BE9300DEEF88 /* Video.swift in Sources */,
				B8E8F2A22997B61F00DEEF88 /* swiftui_list_with_custom_cell_and_passing_dataApp.swift in Sources */,
			);
			runOnlyForDeploymentPostprocessing = 0;
		};
		B8E8F2AA2997B61F00DEEF88 /* Sources */ = {
			isa = PBXSourcesBuildPhase;
			buildActionMask = 2147483647;
			files = (
				B8E8F2B32997B61F00DEEF88 /* swiftui_list_with_custom_cell_and_passing_dataTests.swift in Sources */,
			);
			runOnlyForDeploymentPostprocessing = 0;
		};
		B8E8F2B42997B61F00DEEF88 /* Sources */ = {
			isa = PBXSourcesBuildPhase;
			buildActionMask = 2147483647;
			files = (
				B8E8F2BD2997B61F00DEEF88 /* swiftui_list_with_custom_cell_and_passing_dataUITests.swift in Sources */,
				B8E8F2BF2997B61F00DEEF88 /* swiftui_list_with_custom_cell_and_passing_dataUITestsLaunchTests.swift in Sources */,
			);
			runOnlyForDeploymentPostprocessing = 0;
		};
/* End PBXSourcesBuildPhase section */

/* Begin PBXTargetDependency section */
		B8E8F2B02997B61F00DEEF88 /* PBXTargetDependency */ = {
			isa = PBXTargetDependency;
			target = B8E8F29D2997B61F00DEEF88 /* swiftui-list-with-custom-cell-and-passing-data */;
			targetProxy = B8E8F2AF2997B61F00DEEF88 /* PBXContainerItemProxy */;
		};
		B8E8F2BA2997B61F00DEEF88 /* PBXTargetDependency */ = {
			isa = PBXTargetDependency;
			target = B8E8F29D2997B61F00DEEF88 /* swiftui-list-with-custom-cell-and-passing-data */;
			targetProxy = B8E8F2B92997B61F00DEEF88 /* PBXContainerItemProxy */;
		};
/* End PBXTargetDependency section */

/* Begin XCBuildConfiguration section */
		B8E8F2C02997B61F00DEEF88 /* Debug */ = {
			isa = XCBuildConfiguration;
			buildSettings = {
				ALWAYS_SEARCH_USER_PATHS = NO;
				CLANG_ANALYZER_NONNULL = YES;
				CLANG_ANALYZER_NUMBER_OBJECT_CONVERSION = YES_AGGRESSIVE;
				CLANG_CXX_LANGUAGE_STANDARD = "gnu++20";
				CLANG_ENABLE_MODULES = YES;
				CLANG_ENABLE_OBJC_ARC = YES;
				CLANG_ENABLE_OBJC_WEAK = YES;
				CLANG_WARN_BLOCK_CAPTURE_AUTORELEASING = YES;
				CLANG_WARN_BOOL_CONVERSION = YES;
				CLANG_WARN_COMMA = YES;
				CLANG_WARN_CONSTANT_CONVERSION = YES;
				CLANG_WARN_DEPRECATED_OBJC_IMPLEMENTATIONS = YES;
				CLANG_WARN_DIRECT_OBJC_ISA_USAGE = YES_ERROR;
				CLANG_WARN_DOCUMENTATION_COMMENTS = YES;
				CLANG_WARN_EMPTY_BODY = YES;
				CLANG_WARN_ENUM_CONVERSION = YES;
				CLANG_WARN_INFINITE_RECURSION = YES;
				CLANG_WARN_INT_CONVERSION = YES;
				CLANG_WARN_NON_LITERAL_NULL_CONVERSION = YES;
				CLANG_WARN_OBJC_IMPLICIT_RETAIN_SELF = YES;
				CLANG_WARN_OBJC_LITERAL_CONVERSION = YES;
				CLANG_WARN_OBJC_ROOT_CLASS = YES_ERROR;
				CLANG_WARN_QUOTED_INCLUDE_IN_FRAMEWORK_HEADER = YES;
				CLANG_WARN_RANGE_LOOP_ANALYSIS = YES;
				CLANG_WARN_STRICT_PROTOTYPES = YES;
				CLANG_WARN_SUSPICIOUS_MOVE = YES;
				CLANG_WARN_UNGUARDED_AVAILABILITY = YES_AGGRESSIVE;
				CLANG_WARN_UNREACHABLE_CODE = YES;
				CLANG_WARN__DUPLICATE_METHOD_MATCH = YES;
				COPY_PHASE_STRIP = NO;
				DEBUG_INFORMATION_FORMAT = dwarf;
				ENABLE_STRICT_OBJC_MSGSEND = YES;
				ENABLE_TESTABILITY = YES;
				GCC_C_LANGUAGE_STANDARD = gnu11;
				GCC_DYNAMIC_NO_PIC = NO;
				GCC_NO_COMMON_BLOCKS = YES;
				GCC_OPTIMIZATION_LEVEL = 0;
				GCC_PREPROCESSOR_DEFINITIONS = (
					"DEBUG=1",
					"$(inherited)",
				);
				GCC_WARN_64_TO_32_BIT_CONVERSION = YES;
				GCC_WARN_ABOUT_RETURN_TYPE = YES_ERROR;
				GCC_WARN_UNDECLARED_SELECTOR = YES;
				GCC_WARN_UNINITIALIZED_AUTOS = YES_AGGRESSIVE;
				GCC_WARN_UNUSED_FUNCTION = YES;
				GCC_WARN_UNUSED_VARIABLE = YES;
				IPHONEOS_DEPLOYMENT_TARGET = 16.2;
				MTL_ENABLE_DEBUG_INFO = INCLUDE_SOURCE;
				MTL_FAST_MATH = YES;
				ONLY_ACTIVE_ARCH = YES;
				SDKROOT = iphoneos;
				SWIFT_ACTIVE_COMPILATION_CONDITIONS = DEBUG;
				SWIFT_OPTIMIZATION_LEVEL = "-Onone";
			};
			name = Debug;
		};
		B8E8F2C12997B61F00DEEF88 /* Release */ = {
			isa = XCBuildConfiguration;
			buildSettings = {
				ALWAYS_SEARCH_USER_PATHS = NO;
				CLANG_ANALYZER_NONNULL = YES;
				CLANG_ANALYZER_NUMBER_OBJECT_CONVERSION = YES_AGGRESSIVE;
				CLANG_CXX_LANGUAGE_STANDARD = "gnu++20";
				CLANG_ENABLE_MODULES = YES;
				CLANG_ENABLE_OBJC_ARC = YES;
				CLANG_ENABLE_OBJC_WEAK = YES;
				CLANG_WARN_BLOCK_CAPTURE_AUTORELEASING = YES;
				CLANG_WARN_BOOL_CONVERSION = YES;
				CLANG_WARN_COMMA = YES;
				CLANG_WARN_CONSTANT_CONVERSION = YES;
				CLANG_WARN_DEPRECATED_OBJC_IMPLEMENTATIONS = YES;
				CLANG_WARN_DIRECT_OBJC_ISA_USAGE = YES_ERROR;
				CLANG_WARN_DOCUMENTATION_COMMENTS = YES;
				CLANG_WARN_EMPTY_BODY = YES;
				CLANG_WARN_ENUM_CONVERSION = YES;
				CLANG_WARN_INFINITE_RECURSION = YES;
				CLANG_WARN_INT_CONVERSION = YES;
				CLANG_WARN_NON_LITERAL_NULL_CONVERSION = YES;
				CLANG_WARN_OBJC_IMPLICIT_RETAIN_SELF = YES;
				CLANG_WARN_OBJC_LITERAL_CONVERSION = YES;
				CLANG_WARN_OBJC_ROOT_CLASS = YES_ERROR;
				CLANG_WARN_QUOTED_INCLUDE_IN_FRAMEWORK_HEADER = YES;
				CLANG_WARN_RANGE_LOOP_ANALYSIS = YES;
				CLANG_WARN_STRICT_PROTOTYPES = YES;
				CLANG_WARN_SUSPICIOUS_MOVE = YES;
				CLANG_WARN_UNGUARDED_AVAILABILITY = YES_AGGRESSIVE;
				CLANG_WARN_UNREACHABLE_CODE = YES;
				CLANG_WARN__DUPLICATE_METHOD_MATCH = YES;
				COPY_PHASE_STRIP = NO;
				DEBUG_INFORMATION_FORMAT = "dwarf-with-dsym";
				ENABLE_NS_ASSERTIONS = NO;
				ENABLE_STRICT_OBJC_MSGSEND = YES;
				GCC_C_LANGUAGE_STANDARD = gnu11;
				GCC_NO_COMMON_BLOCKS = YES;
				GCC_WARN_64_TO_32_BIT_CONVERSION = YES;
				GCC_WARN_ABOUT_RETURN_TYPE = YES_ERROR;
				GCC_WARN_UNDECLARED_SELECTOR = YES;
				GCC_WARN_UNINITIALIZED_AUTOS = YES_AGGRESSIVE;
				GCC_WARN_UNUSED_FUNCTION = YES;
				GCC_WARN_UNUSED_VARIABLE = YES;
				IPHONEOS_DEPLOYMENT_TARGET = 16.2;
				MTL_ENABLE_DEBUG_INFO = NO;
				MTL_FAST_MATH = YES;
				SDKROOT = iphoneos;
				SWIFT_COMPILATION_MODE = wholemodule;
				SWIFT_OPTIMIZATION_LEVEL = "-O";
				VALIDATE_PRODUCT = YES;
			};
			name = Release;
		};
		B8E8F2C32997B61F00DEEF88 /* Debug */ = {
			isa = XCBuildConfiguration;
			buildSettings = {
				ASSETCATALOG_COMPILER_APPICON_NAME = AppIcon;
				ASSETCATALOG_COMPILER_GLOBAL_ACCENT_COLOR_NAME = AccentColor;
				CODE_SIGN_STYLE = Automatic;
				CURRENT_PROJECT_VERSION = 1;
				DEVELOPMENT_ASSET_PATHS = "\"swiftui-list-with-custom-cell-and-passing-data/Preview Content\"";
				DEVELOPMENT_TEAM = 33C8DF7758;
				ENABLE_PREVIEWS = YES;
				GENERATE_INFOPLIST_FILE = YES;
				INFOPLIST_KEY_UIApplicationSceneManifest_Generation = YES;
				INFOPLIST_KEY_UIApplicationSupportsIndirectInputEvents = YES;
				INFOPLIST_KEY_UILaunchScreen_Generation = YES;
				INFOPLIST_KEY_UISupportedInterfaceOrientations_iPad = "UIInterfaceOrientationPortrait UIInterfaceOrientationPortraitUpsideDown UIInterfaceOrientationLandscapeLeft UIInterfaceOrientationLandscapeRight";
				INFOPLIST_KEY_UISupportedInterfaceOrientations_iPhone = "UIInterfaceOrientationPortrait UIInterfaceOrientationLandscapeLeft UIInterfaceOrientationLandscapeRight";
				LD_RUNPATH_SEARCH_PATHS = (
					"$(inherited)",
					"@executable_path/Frameworks",
				);
				MARKETING_VERSION = 1.0;
				PRODUCT_BUNDLE_IDENTIFIER = "test.swiftui-list-with-custom-cell-and-passing-data";
				PRODUCT_NAME = "$(TARGET_NAME)";
				SWIFT_EMIT_LOC_STRINGS = YES;
				SWIFT_VERSION = 5.0;
				TARGETED_DEVICE_FAMILY = "1,2";
			};
			name = Debug;
		};
		B8E8F2C42997B61F00DEEF88 /* Release */ = {
			isa = XCBuildConfiguration;
			buildSettings = {
				ASSETCATALOG_COMPILER_APPICON_NAME = AppIcon;
				ASSETCATALOG_COMPILER_GLOBAL_ACCENT_COLOR_NAME = AccentColor;
				CODE_SIGN_STYLE = Automatic;
				CURRENT_PROJECT_VERSION = 1;
				DEVELOPMENT_ASSET_PATHS = "\"swiftui-list-with-custom-cell-and-passing-data/Preview Content\"";
				DEVELOPMENT_TEAM = 33C8DF7758;
				ENABLE_PREVIEWS = YES;
				GENERATE_INFOPLIST_FILE = YES;
				INFOPLIST_KEY_UIApplicationSceneManifest_Generation = YES;
				INFOPLIST_KEY_UIApplicationSupportsIndirectInputEvents = YES;
				INFOPLIST_KEY_UILaunchScreen_Generation = YES;
				INFOPLIST_KEY_UISupportedInterfaceOrientations_iPad = "UIInterfaceOrientationPortrait UIInterfaceOrientationPortraitUpsideDown UIInterfaceOrientationLandscapeLeft UIInterfaceOrientationLandscapeRight";
				INFOPLIST_KEY_UISupportedInterfaceOrientations_iPhone = "UIInterfaceOrientationPortrait UIInterfaceOrientationLandscapeLeft UIInterfaceOrientationLandscapeRight";
				LD_RUNPATH_SEARCH_PATHS = (
					"$(inherited)",
					"@executable_path/Frameworks",
				);
				MARKETING_VERSION = 1.0;
				PRODUCT_BUNDLE_IDENTIFIER = "test.swiftui-list-with-custom-cell-and-passing-data";
				PRODUCT_NAME = "$(TARGET_NAME)";
				SWIFT_EMIT_LOC_STRINGS = YES;
				SWIFT_VERSION = 5.0;
				TARGETED_DEVICE_FAMILY = "1,2";
			};
			name = Release;
		};
		B8E8F2C62997B61F00DEEF88 /* Debug */ = {
			isa = XCBuildConfiguration;
			buildSettings = {
				ALWAYS_EMBED_SWIFT_STANDARD_LIBRARIES = YES;
				BUNDLE_LOADER = "$(TEST_HOST)";
				CODE_SIGN_STYLE = Automatic;
				CURRENT_PROJECT_VERSION = 1;
				DEVELOPMENT_TEAM = 33C8DF7758;
				GENERATE_INFOPLIST_FILE = YES;
				IPHONEOS_DEPLOYMENT_TARGET = 16.2;
				MARKETING_VERSION = 1.0;
				PRODUCT_BUNDLE_IDENTIFIER = "test.swiftui-list-with-custom-cell-and-passing-dataTests";
				PRODUCT_NAME = "$(TARGET_NAME)";
				SWIFT_EMIT_LOC_STRINGS = NO;
				SWIFT_VERSION = 5.0;
				TARGETED_DEVICE_FAMILY = "1,2";
				TEST_HOST = "$(BUILT_PRODUCTS_DIR)/swiftui-list-with-custom-cell-and-passing-data.app/$(BUNDLE_EXECUTABLE_FOLDER_PATH)/swiftui-list-with-custom-cell-and-passing-data";
			};
			name = Debug;
		};
		B8E8F2C72997B61F00DEEF88 /* Release */ = {
			isa = XCBuildConfiguration;
			buildSettings = {
				ALWAYS_EMBED_SWIFT_STANDARD_LIBRARIES = YES;
				BUNDLE_LOADER = "$(TEST_HOST)";
				CODE_SIGN_STYLE = Automatic;
				CURRENT_PROJECT_VERSION = 1;
				DEVELOPMENT_TEAM = 33C8DF7758;
				GENERATE_INFOPLIST_FILE = YES;
				IPHONEOS_DEPLOYMENT_TARGET = 16.2;
				MARKETING_VERSION = 1.0;
				PRODUCT_BUNDLE_IDENTIFIER = "test.swiftui-list-with-custom-cell-and-passing-dataTests";
				PRODUCT_NAME = "$(TARGET_NAME)";
				SWIFT_EMIT_LOC_STRINGS = NO;
				SWIFT_VERSION = 5.0;
				TARGETED_DEVICE_FAMILY = "1,2";
				TEST_HOST = "$(BUILT_PRODUCTS_DIR)/swiftui-list-with-custom-cell-and-passing-data.app/$(BUNDLE_EXECUTABLE_FOLDER_PATH)/swiftui-list-with-custom-cell-and-passing-data";
			};
			name = Release;
		};
		B8E8F2C92997B61F00DEEF88 /* Debug */ = {
			isa = XCBuildConfiguration;
			buildSettings = {
				ALWAYS_EMBED_SWIFT_STANDARD_LIBRARIES = YES;
				CODE_SIGN_STYLE = Automatic;
				CURRENT_PROJECT_VERSION = 1;
				DEVELOPMENT_TEAM = 33C8DF7758;
				GENERATE_INFOPLIST_FILE = YES;
				MARKETING_VERSION = 1.0;
				PRODUCT_BUNDLE_IDENTIFIER = "test.swiftui-list-with-custom-cell-and-passing-dataUITests";
				PRODUCT_NAME = "$(TARGET_NAME)";
				SWIFT_EMIT_LOC_STRINGS = NO;
				SWIFT_VERSION = 5.0;
				TARGETED_DEVICE_FAMILY = "1,2";
				TEST_TARGET_NAME = "swiftui-list-with-custom-cell-and-passing-data";
			};
			name = Debug;
		};
		B8E8F2CA2997B61F00DEEF88 /* Release */ = {
			isa = XCBuildConfiguration;
			buildSettings = {
				ALWAYS_EMBED_SWIFT_STANDARD_LIBRARIES = YES;
				CODE_SIGN_STYLE = Automatic;
				CURRENT_PROJECT_VERSION = 1;
				DEVELOPMENT_TEAM = 33C8DF7758;
				GENERATE_INFOPLIST_FILE = YES;
				MARKETING_VERSION = 1.0;
				PRODUCT_BUNDLE_IDENTIFIER = "test.swiftui-list-with-custom-cell-and-passing-dataUITests";
				PRODUCT_NAME = "$(TARGET_NAME)";
				SWIFT_EMIT_LOC_STRINGS = NO;
				SWIFT_VERSION = 5.0;
				TARGETED_DEVICE_FAMILY = "1,2";
				TEST_TARGET_NAME = "swiftui-list-with-custom-cell-and-passing-data";
			};
			name = Release;
		};
/* End XCBuildConfiguration section */

/* Begin XCConfigurationList section */
		B8E8F2992997B61F00DEEF88 /* Build configuration list for PBXProject "swiftui-list-with-custom-cell-and-passing-data" */ = {
			isa = XCConfigurationList;
			buildConfigurations = (
				B8E8F2C02997B61F00DEEF88 /* Debug */,
				B8E8F2C12997B61F00DEEF88 /* Release */,
			);
			defaultConfigurationIsVisible = 0;
			defaultConfigurationName = Release;
		};
		B8E8F2C22997B61F00DEEF88 /* Build configuration list for PBXNativeTarget "swiftui-list-with-custom-cell-and-passing-data" */ = {
			isa = XCConfigurationList;
			buildConfigurations = (
				B8E8F2C32997B61F00DEEF88 /* Debug */,
				B8E8F2C42997B61F00DEEF88 /* Release */,
			);
			defaultConfigurationIsVisible = 0;
			defaultConfigurationName = Release;
		};
		B8E8F2C52997B61F00DEEF88 /* Build configuration list for PBXNativeTarget "swiftui-list-with-custom-cell-and-passing-dataTests" */ = {
			isa = XCConfigurationList;
			buildConfigurations = (
				B8E8F2C62997B61F00DEEF88 /* Debug */,
				B8E8F2C72997B61F00DEEF88 /* Release */,
			);
			defaultConfigurationIsVisible = 0;
			defaultConfigurationName = Release;
		};
		B8E8F2C82997B61F00DEEF88 /* Build configuration list for PBXNativeTarget "swiftui-list-with-custom-cell-and-passing-dataUITests" */ = {
			isa = XCConfigurationList;
			buildConfigurations = (
				B8E8F2C92997B61F00DEEF88 /* Debug */,
				B8E8F2CA2997B61F00DEEF88 /* Release */,
			);
			defaultConfigurationIsVisible = 0;
			defaultConfigurationName = Release;
		};
/* End XCConfigurationList section */
	};
	rootObject = B8E8F2962997B61F00DEEF88 /* Project object */;
}
